# @generated by Move, please check-in and do not edit manually.

[move]
version = 2
manifest_digest = "7883DC52EA5DE6BB58EF0BF411311DEC32EDFF904122F36F9C0094BFC4C38A69"
deps_digest = "F8BBB0CCB2491CA29A3DF03D6F92277A4F3574266507ACD77214D37ECA3F3082"
dependencies = [
  { name = "Sui" },
]

[[move.package]]
name = "MoveStdlib"
source = { git = "https://github.com/MystenLabs/sui.git", rev = "sui-v1.29.0-release", subdir = "crates/sui-framework/packages/move-stdlib" }

[[move.package]]
name = "Sui"
source = { git = "https://github.com/MystenLabs/sui.git", rev = "sui-v1.29.0-release", subdir = "crates/sui-framework/packages/sui-framework" }

dependencies = [
  { name = "MoveStdlib" },
]

[move.toolchain-version]
compiler-version = "1.30.0"
edition = "2024.beta"
flavor = "sui"
