# @generated by Move, please check-in and do not edit manually.

[move]
version = 2
manifest_digest = "AE0E299A78DFFF61F9FF82ACB764E2A29C1F7809478720C5E8E84A9CFB4E5DFD"
deps_digest = "3C4103934B1E040BB6B23F1D610B4EF9F2F1166A50A104EADCF77467C004C600"
dependencies = [
  { name = "Sui" },
  { name = "WAL" },
]

[[move.package]]
name = "MoveStdlib"
source = { git = "https://github.com/MystenLabs/sui.git", rev = "testnet-v1.33.1", subdir = "crates/sui-framework/packages/move-stdlib" }

[[move.package]]
name = "Sui"
source = { git = "https://github.com/MystenLabs/sui.git", rev = "testnet-v1.33.1", subdir = "crates/sui-framework/packages/sui-framework" }

dependencies = [
  { name = "MoveStdlib" },
]

[[move.package]]
name = "WAL"
source = { local = "../wal" }

dependencies = [
  { name = "Sui" },
]

[move.toolchain-version]
compiler-version = "1.34.0"
edition = "2024.beta"
flavor = "sui"
