# @generated by Move, please check-in and do not edit manually.

[move]
version = 3
manifest_digest = "611912641B598A8DB32285FFF4D9B21221FD794D4B81BA046947B4C66E1C20A8"
deps_digest = "3C4103934B1E040BB6B23F1D610B4EF9F2F1166A50A104EADCF77467C004C600"
dependencies = [
  { id = "Sui", name = "Sui" },
  { id = "WAL", name = "WAL" },
]

[[move.package]]
id = "MoveStdlib"
source = { git = "https://github.com/MystenLabs/sui.git", rev = "testnet-v1.52.1", subdir = "crates/sui-framework/packages/move-stdlib" }

[[move.package]]
id = "Sui"
source = { git = "https://github.com/MystenLabs/sui.git", rev = "testnet-v1.52.1", subdir = "crates/sui-framework/packages/sui-framework" }

dependencies = [
  { id = "MoveStdlib", name = "MoveStdlib" },
]

[[move.package]]
id = "WAL"
source = { local = "../wal" }

dependencies = [
  { id = "Sui", name = "Sui" },
]

[move.toolchain-version]
compiler-version = "1.52.1"
edition = "2024.beta"
flavor = "sui"

[env]

[env.mainnet]
chain-id = "35834a8a"
original-published-id = "0xfdc88f7d7cf30afab2f82e8380d11ee8f70efb90e863d1de8616fae1bb09ea77"
latest-published-id = "0xfdc88f7d7cf30afab2f82e8380d11ee8f70efb90e863d1de8616fae1bb09ea77"
published-version = "1"
