# @generated by Move, please check-in and do not edit manually.

[move]
version = 2
manifest_digest = "308CD4373E126C39F86752998922A4EE5D06F58144C80C4415574FD8D81AC891"
deps_digest = "060AD7E57DFB13104F21BE5F5C3759D03F0553FC3229247D9A7A6B45F50D03A3"
dependencies = [
  { name = "Sui" },
  { name = "WAL" },
  { name = "WAL_exchange" },
]

[[move.package]]
name = "MoveStdlib"
source = { git = "https://github.com/MystenLabs/sui.git", rev = "testnet-v1.34.2", subdir = "crates/sui-framework/packages/move-stdlib" }

[[move.package]]
name = "Sui"
source = { git = "https://github.com/MystenLabs/sui.git", rev = "testnet-v1.34.2", subdir = "crates/sui-framework/packages/sui-framework" }

dependencies = [
  { name = "MoveStdlib" },
]

[[move.package]]
name = "WAL"
source = { local = "../wal" }

dependencies = [
  { name = "Sui" },
]

[[move.package]]
name = "WAL_exchange"
source = { local = "../wal_exchange" }

dependencies = [
  { name = "Sui" },
  { name = "WAL" },
]

[move.toolchain-version]
compiler-version = "1.34.2"
edition = "2024.beta"
flavor = "sui"
