# @generated by Move, please check-in and do not edit manually.

[move]
version = 3
manifest_digest = "2AAA7956CAB28E0C215A59348580B479518ED3C99EF1A1E9EDF3D340F8FFADC4"
deps_digest = "F8BBB0CCB2491CA29A3DF03D6F92277A4F3574266507ACD77214D37ECA3F3082"
dependencies = [
  { id = "Sui", name = "Sui" },
]

[[move.package]]
id = "MoveStdlib"
source = { git = "https://github.com/MystenLabs/sui.git", rev = "testnet-v1.44.3", subdir = "crates/sui-framework/packages/move-stdlib" }

[[move.package]]
id = "Sui"
source = { git = "https://github.com/MystenLabs/sui.git", rev = "testnet-v1.44.3", subdir = "crates/sui-framework/packages/sui-framework" }

dependencies = [
  { id = "MoveStdlib", name = "MoveStdlib" },
]

[move.toolchain-version]
compiler-version = "1.44.3"
edition = "2024.beta"
flavor = "sui"

[env.mainnet]
chain-id = "35834a8a"
original-published-id = "0x356a26eb9e012a68958082340d4c4116e7f55615cf27affcff209cf0ae544f59"
latest-published-id = "0x356a26eb9e012a68958082340d4c4116e7f55615cf27affcff209cf0ae544f59"
published-version = "1"
